
Microsoft Visual Studio Solution File, Format Version 12.00
# Visual Studio Version 17
VisualStudioVersion = 17.9.34616.47
MinimumVisualStudioVersion = 10.0.40219.1
Project("{59B8411F-97A3-41AD-BE8D-2F29E802B07D}") = "CatApexCPP", "Apexlegends External\Apexlegends External.vcxproj", "{E9AF7EFD-19BC-4226-844A-D518B17657DA}"
EndProject
Global
	GlobalSection(SolutionConfigurationPlatforms) = preSolution
		Debug|x64 = Debug|x64
		Debug|x86 = Debug|x86
		Release|x64 = Release|x64
		Release|x86 = Release|x86
	EndGlobalSection
	GlobalSection(ProjectConfigurationPlatforms) = postSolution
		{E9AF7EFD-19BC-4226-844A-D518B17657DA}.Debug|x64.ActiveCfg = Debug|x64
		{E9AF7EFD-19BC-4226-844A-D518B17657DA}.Debug|x64.Build.0 = Debug|x64
		{E9AF7EFD-19BC-4226-844A-D518B17657DA}.Debug|x86.ActiveCfg = Debug|Win32
		{E9AF7EFD-19BC-4226-844A-D518B17657DA}.Debug|x86.Build.0 = Debug|Win32
		{E9AF7EFD-19BC-4226-844A-D518B17657DA}.Release|x64.ActiveCfg = Release|x64
		{E9AF7EFD-19BC-4226-844A-D518B17657DA}.Release|x64.Build.0 = Release|x64
		{E9AF7EFD-19BC-4226-844A-D518B17657DA}.Release|x86.ActiveCfg = Release|Win32
		{E9AF7EFD-19BC-4226-844A-D518B17657DA}.Release|x86.Build.0 = Release|Win32
	EndGlobalSection
	GlobalSection(SolutionProperties) = preSolution
		HideSolutionNode = FALSE
	EndGlobalSection
	GlobalSection(ExtensibilityGlobals) = postSolution
		SolutionGuid = {D8A34CBF-C8E8-4B11-B2F9-147879CC192A}
	EndGlobalSection
EndGlobal
